
Microsoft Visual Studio Solution File, Format Version 12.00
# Visual Studio Version 17
VisualStudioVersion = 17.0.31903.59
MinimumVisualStudioVersion = 10.0.40219.1
Project("{2150E333-8FDC-42A3-9474-1A3956D46DE8}") = "src", "src", "{13403696-48E6-4BD6-A200-850A9862192D}"
EndProject
Project("{FAE04EC0-301F-11D3-BF4B-00C04F79EFBC}") = "CimRegistry", "src\CimRegistry\CimRegistry.csproj", "{833CD02E-E446-4242-B4B8-DE8A058EDDCF}"
EndProject
Project("{2150E333-8FDC-42A3-9474-1A3956D46DE8}") = "tests", "tests", "{C6F94737-3F53-422A-B1DD-7FC18868B1C4}"
EndProject
Project("{FAE04EC0-301F-11D3-BF4B-00C04F79EFBC}") = "CimRegistry.Tests", "tests\CimRegistry.Tests\CimRegistry.Tests.csproj", "{4C8D02D1-F103-4559-B8F2-39E07CEA5EE3}"
EndProject
Global
	GlobalSection(SolutionProperties) = preSolution
		HideSolutionNode = FALSE
	EndGlobalSection
	GlobalSection(SolutionConfigurationPlatforms) = preSolution
		Debug|Any CPU = Debug|Any CPU
		Debug|x64 = Debug|x64
		Debug|x86 = Debug|x86
		Release|Any CPU = Release|Any CPU
		Release|x64 = Release|x64
		Release|x86 = Release|x86
	EndGlobalSection
	GlobalSection(ProjectConfigurationPlatforms) = postSolution
		{833CD02E-E446-4242-B4B8-DE8A058EDDCF}.Debug|Any CPU.ActiveCfg = Debug|Any CPU
		{833CD02E-E446-4242-B4B8-DE8A058EDDCF}.Debug|Any CPU.Build.0 = Debug|Any CPU
		{833CD02E-E446-4242-B4B8-DE8A058EDDCF}.Debug|x64.ActiveCfg = Debug|Any CPU
		{833CD02E-E446-4242-B4B8-DE8A058EDDCF}.Debug|x64.Build.0 = Debug|Any CPU
		{833CD02E-E446-4242-B4B8-DE8A058EDDCF}.Debug|x86.ActiveCfg = Debug|Any CPU
		{833CD02E-E446-4242-B4B8-DE8A058EDDCF}.Debug|x86.Build.0 = Debug|Any CPU
		{833CD02E-E446-4242-B4B8-DE8A058EDDCF}.Release|Any CPU.ActiveCfg = Release|Any CPU
		{833CD02E-E446-4242-B4B8-DE8A058EDDCF}.Release|Any CPU.Build.0 = Release|Any CPU
		{833CD02E-E446-4242-B4B8-DE8A058EDDCF}.Release|x64.ActiveCfg = Release|Any CPU
		{833CD02E-E446-4242-B4B8-DE8A058EDDCF}.Release|x64.Build.0 = Release|Any CPU
		{833CD02E-E446-4242-B4B8-DE8A058EDDCF}.Release|x86.ActiveCfg = Release|Any CPU
		{833CD02E-E446-4242-B4B8-DE8A058EDDCF}.Release|x86.Build.0 = Release|Any CPU
		{4C8D02D1-F103-4559-B8F2-39E07CEA5EE3}.Debug|Any CPU.ActiveCfg = Debug|Any CPU
		{4C8D02D1-F103-4559-B8F2-39E07CEA5EE3}.Debug|Any CPU.Build.0 = Debug|Any CPU
		{4C8D02D1-F103-4559-B8F2-39E07CEA5EE3}.Debug|x64.ActiveCfg = Debug|Any CPU
		{4C8D02D1-F103-4559-B8F2-39E07CEA5EE3}.Debug|x64.Build.0 = Debug|Any CPU
		{4C8D02D1-F103-4559-B8F2-39E07CEA5EE3}.Debug|x86.ActiveCfg = Debug|Any CPU
		{4C8D02D1-F103-4559-B8F2-39E07CEA5EE3}.Debug|x86.Build.0 = Debug|Any CPU
		{4C8D02D1-F103-4559-B8F2-39E07CEA5EE3}.Release|Any CPU.ActiveCfg = Release|Any CPU
		{4C8D02D1-F103-4559-B8F2-39E07CEA5EE3}.Release|Any CPU.Build.0 = Release|Any CPU
		{4C8D02D1-F103-4559-B8F2-39E07CEA5EE3}.Release|x64.ActiveCfg = Release|Any CPU
		{4C8D02D1-F103-4559-B8F2-39E07CEA5EE3}.Release|x64.Build.0 = Release|Any CPU
		{4C8D02D1-F103-4559-B8F2-39E07CEA5EE3}.Release|x86.ActiveCfg = Release|Any CPU
		{4C8D02D1-F103-4559-B8F2-39E07CEA5EE3}.Release|x86.Build.0 = Release|Any CPU
	EndGlobalSection
	GlobalSection(NestedProjects) = preSolution
		{833CD02E-E446-4242-B4B8-DE8A058EDDCF} = {13403696-48E6-4BD6-A200-850A9862192D}
		{4C8D02D1-F103-4559-B8F2-39E07CEA5EE3} = {C6F94737-3F53-422A-B1DD-7FC18868B1C4}
	EndGlobalSection
EndGlobal
